
Microsoft Visual Studio Solution File, Format Version 12.00
Project("{FAE04EC0-301F-11D3-BF4B-00C04F79EFBC}") = "zadanie1nowe", "zadanie1nowe\zadanie1nowe.csproj", "{4594C377-409C-4C70-AF2F-6AF88AEEA33D}"
EndProject
Global
	GlobalSection(SolutionConfigurationPlatforms) = preSolution
		Debug|Any CPU = Debug|Any CPU
		Release|Any CPU = Release|Any CPU
	EndGlobalSection
	GlobalSection(ProjectConfigurationPlatforms) = postSolution
		{4594C377-409C-4C70-AF2F-6AF88AEEA33D}.Debug|Any CPU.ActiveCfg = Debug|Any CPU
		{4594C377-409C-4C70-AF2F-6AF88AEEA33D}.Debug|Any CPU.Build.0 = Debug|Any CPU
		{4594C377-409C-4C70-AF2F-6AF88AEEA33D}.Release|Any CPU.ActiveCfg = Release|Any CPU
		{4594C377-409C-4C70-AF2F-6AF88AEEA33D}.Release|Any CPU.Build.0 = Release|Any CPU
	EndGlobalSection
EndGlobal
